
Microsoft Visual Studio Solution File, Format Version 12.00
# Visual Studio Version 16
VisualStudioVersion = 16.0.30503.244
MinimumVisualStudioVersion = 10.0.40219.1
Project("{FAE04EC0-301F-11D3-BF4B-00C04F79EFBC}") = "FileOperations", "FileOperations\FileOperations.csproj", "{79761408-3BE3-4942-96A9-08958B10217A}"
EndProject
Global
	GlobalSection(SolutionConfigurationPlatforms) = preSolution
		Debug|Any CPU = Debug|Any CPU
		Release|Any CPU = Release|Any CPU
	EndGlobalSection
	GlobalSection(ProjectConfigurationPlatforms) = postSolution
		{79761408-3BE3-4942-96A9-08958B10217A}.Debug|Any CPU.ActiveCfg = Debug|Any CPU
		{79761408-3BE3-4942-96A9-08958B10217A}.Debug|Any CPU.Build.0 = Debug|Any CPU
		{79761408-3BE3-4942-96A9-08958B10217A}.Release|Any CPU.ActiveCfg = Release|Any CPU
		{79761408-3BE3-4942-96A9-08958B10217A}.Release|Any CPU.Build.0 = Release|Any CPU
	EndGlobalSection
	GlobalSection(SolutionProperties) = preSolution
		HideSolutionNode = FALSE
	EndGlobalSection
	GlobalSection(ExtensibilityGlobals) = postSolution
		SolutionGuid = {A3575585-420C-44CC-8DA7-D26ED03268FC}
	EndGlobalSection
EndGlobal
