
Microsoft Visual Studio Solution File, Format Version 12.00
# Visual Studio Version 16
VisualStudioVersion = 16.0.29230.47
MinimumVisualStudioVersion = 10.0.40219.1
Project("{8BC9CEB8-8B4A-11D0-8D11-00A0C91BC942}") = "individual_3", "individual_3\individual_3.vcxproj", "{0CD7F620-F158-4491-AA87-8E8F3E2C299F}"
EndProject
Global
	GlobalSection(SolutionConfigurationPlatforms) = preSolution
		Debug|x64 = Debug|x64
		Debug|x86 = Debug|x86
		Release|x64 = Release|x64
		Release|x86 = Release|x86
	EndGlobalSection
	GlobalSection(ProjectConfigurationPlatforms) = postSolution
		{0CD7F620-F158-4491-AA87-8E8F3E2C299F}.Debug|x64.ActiveCfg = Debug|x64
		{0CD7F620-F158-4491-AA87-8E8F3E2C299F}.Debug|x64.Build.0 = Debug|x64
		{0CD7F620-F158-4491-AA87-8E8F3E2C299F}.Debug|x86.ActiveCfg = Debug|Win32
		{0CD7F620-F158-4491-AA87-8E8F3E2C299F}.Debug|x86.Build.0 = Debug|Win32
		{0CD7F620-F158-4491-AA87-8E8F3E2C299F}.Release|x64.ActiveCfg = Release|x64
		{0CD7F620-F158-4491-AA87-8E8F3E2C299F}.Release|x64.Build.0 = Release|x64
		{0CD7F620-F158-4491-AA87-8E8F3E2C299F}.Release|x86.ActiveCfg = Release|Win32
		{0CD7F620-F158-4491-AA87-8E8F3E2C299F}.Release|x86.Build.0 = Release|Win32
	EndGlobalSection
	GlobalSection(SolutionProperties) = preSolution
		HideSolutionNode = FALSE
	EndGlobalSection
	GlobalSection(ExtensibilityGlobals) = postSolution
		SolutionGuid = {E0BFBF93-2146-4684-9AB9-ED56C7B5EF7A}
	EndGlobalSection
EndGlobal
