
Microsoft Visual Studio Solution File, Format Version 12.00
# Visual Studio Version 16
VisualStudioVersion = 16.0.29806.167
MinimumVisualStudioVersion = 10.0.40219.1
Project("{8BC9CEB8-8B4A-11D0-8D11-00A0C91BC942}") = "MyLib", "MyLib\MyLib.vcxproj", "{CBEF9860-FC26-456F-9DA0-FED01DBB4278}"
EndProject
Global
	GlobalSection(SolutionConfigurationPlatforms) = preSolution
		Debug|x64 = Debug|x64
		Debug|x86 = Debug|x86
		Release|x64 = Release|x64
		Release|x86 = Release|x86
	EndGlobalSection
	GlobalSection(ProjectConfigurationPlatforms) = postSolution
		{CBEF9860-FC26-456F-9DA0-FED01DBB4278}.Debug|x64.ActiveCfg = Debug|x64
		{CBEF9860-FC26-456F-9DA0-FED01DBB4278}.Debug|x64.Build.0 = Debug|x64
		{CBEF9860-FC26-456F-9DA0-FED01DBB4278}.Debug|x86.ActiveCfg = Debug|Win32
		{CBEF9860-FC26-456F-9DA0-FED01DBB4278}.Debug|x86.Build.0 = Debug|Win32
		{CBEF9860-FC26-456F-9DA0-FED01DBB4278}.Release|x64.ActiveCfg = Release|x64
		{CBEF9860-FC26-456F-9DA0-FED01DBB4278}.Release|x64.Build.0 = Release|x64
		{CBEF9860-FC26-456F-9DA0-FED01DBB4278}.Release|x86.ActiveCfg = Release|Win32
		{CBEF9860-FC26-456F-9DA0-FED01DBB4278}.Release|x86.Build.0 = Release|Win32
	EndGlobalSection
	GlobalSection(SolutionProperties) = preSolution
		HideSolutionNode = FALSE
	EndGlobalSection
	GlobalSection(ExtensibilityGlobals) = postSolution
		SolutionGuid = {F9166D53-DD0B-49D6-954F-7AE5C284271F}
	EndGlobalSection
EndGlobal
