
Microsoft Visual Studio Solution File, Format Version 12.00
# Visual Studio Version 16
VisualStudioVersion = 16.0.30503.244
MinimumVisualStudioVersion = 10.0.40219.1
Project("{FAE04EC0-301F-11D3-BF4B-00C04F79EFBC}") = "Northwind.ServiceLayer", "Northwind.ServiceLayer\Northwind.ServiceLayer.csproj", "{82934FE2-BAEF-413C-AC6E-66942134F1CC}"
EndProject
Global
	GlobalSection(SolutionConfigurationPlatforms) = preSolution
		Debug|Any CPU = Debug|Any CPU
		Release|Any CPU = Release|Any CPU
	EndGlobalSection
	GlobalSection(ProjectConfigurationPlatforms) = postSolution
		{82934FE2-BAEF-413C-AC6E-66942134F1CC}.Debug|Any CPU.ActiveCfg = Debug|Any CPU
		{82934FE2-BAEF-413C-AC6E-66942134F1CC}.Debug|Any CPU.Build.0 = Debug|Any CPU
		{82934FE2-BAEF-413C-AC6E-66942134F1CC}.Release|Any CPU.ActiveCfg = Release|Any CPU
		{82934FE2-BAEF-413C-AC6E-66942134F1CC}.Release|Any CPU.Build.0 = Release|Any CPU
	EndGlobalSection
	GlobalSection(SolutionProperties) = preSolution
		HideSolutionNode = FALSE
	EndGlobalSection
	GlobalSection(ExtensibilityGlobals) = postSolution
		SolutionGuid = {0686AF98-AC54-4D40-817B-6DBAD6E76FE5}
	EndGlobalSection
EndGlobal
